
Microsoft Visual Studio Solution File, Format Version 12.00
# Visual Studio Version 17
VisualStudioVersion = 17.8.34322.80
MinimumVisualStudioVersion = 10.0.40219.1
Project("{FAE04EC0-301F-11D3-BF4B-00C04F79EFBC}") = "DiscViewer", "DiscViewer\DiscViewer.csproj", "{D6A79FD9-8D2F-4DAF-ACA2-6B4098C259CF}"
EndProject
Project("{FAE04EC0-301F-11D3-BF4B-00C04F79EFBC}") = "Dtimu.Core", "MediaReader\Dtimu.Core.csproj", "{3A201300-FF87-420C-8EAB-9251C45636CA}"
EndProject
Project("{FAE04EC0-301F-11D3-BF4B-00C04F79EFBC}") = "MediaReader.Test", "MediaReader.Console\MediaReader.Test.csproj", "{80EFC68C-A1CF-453F-8B52-2B158DD9860F}"
EndProject
Project("{FAE04EC0-301F-11D3-BF4B-00C04F79EFBC}") = "IndexGen", "DiscGen\IndexGen.csproj", "{CC8FC88D-F5C6-46BD-940D-8393F50DE258}"
EndProject
Project("{2150E333-8FDC-42A3-9474-1A3956D46DE8}") = "Dtimu.DiscEditor", "Dtimu.DiscEditor", "{58028B74-3DDC-4EED-A7AB-AB34338C86A2}"
EndProject
Project("{FAE04EC0-301F-11D3-BF4B-00C04F79EFBC}") = "Dtimu.DiscEditor.Core", "Dtimu.DiscEditor.Core\Dtimu.DiscEditor.Core.csproj", "{20B64467-840E-4EB1-8C84-EAAF239576FD}"
EndProject
Project("{FAE04EC0-301F-11D3-BF4B-00C04F79EFBC}") = "Dtimu.DiscEditor.WPFControls", "Dtimu.DiscEditor.WPFControls\Dtimu.DiscEditor.WPFControls.csproj", "{E392F567-4A96-45F7-A47E-2DC7840AE1C0}"
EndProject
Project("{FAE04EC0-301F-11D3-BF4B-00C04F79EFBC}") = "Dtimu.DiscEditor.WPF", "Dtimu.DiscEditor.WPF\Dtimu.DiscEditor.WPF.csproj", "{226270B1-5D9B-48C7-B1D2-7E21BC0C0D3A}"
EndProject
Project("{FAE04EC0-301F-11D3-BF4B-00C04F79EFBC}") = "Dtimu.Launcher", "Dtimu.Launcher\Dtimu.Launcher.csproj", "{3B6D4535-B56F-4DB2-A86C-9D5182C87C79}"
EndProject
Project("{FAE04EC0-301F-11D3-BF4B-00C04F79EFBC}") = "GZipFlow", "GZipFlow\GZipFlow.csproj", "{BD8D6B72-2E14-40C6-9070-11D3CC02FEC9}"
EndProject
Project("{2150E333-8FDC-42A3-9474-1A3956D46DE8}") = "AvaDtimu", "AvaDtimu", "{02EA681E-C7D8-13C7-8484-4AC65E1B71E8}"
EndProject
Project("{FAE04EC0-301F-11D3-BF4B-00C04F79EFBC}") = "AvaDtimu", "AvaDtimu\AvaDtimu.csproj", "{12EDCEA9-C90A-67FD-F050-CC18981A2451}"
EndProject
Project("{FAE04EC0-301F-11D3-BF4B-00C04F79EFBC}") = "AvaDtimu.Desktop.Windows", "AvaDtimu.Desktop\AvaDtimu.Desktop.Windows.csproj", "{2BDAC71E-F9C9-BB5A-253F-E66B6EAE4808}"
EndProject
Project("{2150E333-8FDC-42A3-9474-1A3956D46DE8}") = "WebDtimu", "WebDtimu", "{9ED1F442-7A3C-4131-A29D-61B292650088}"
EndProject
Project("{FAE04EC0-301F-11D3-BF4B-00C04F79EFBC}") = "MVCDtimu", "MVCDtimu\MVCDtimu.csproj", "{1BFD13DC-4FFA-4651-83CD-745F16E9DE3F}"
EndProject
Project("{D954291E-2A0B-460D-934E-DC6B0785DB48}") = "SharedDtimu", "SharedDtimu\SharedDtimu.shproj", "{E399DD93-2228-4921-84F4-54FCE2993DF0}"
EndProject
Project("{FAE04EC0-301F-11D3-BF4B-00C04F79EFBC}") = "WebDtimu.Dependency", "WebDtimu.Dependency\WebDtimu.Dependency.csproj", "{5D101D6D-DC6C-441C-B876-1BCB0009A776}"
EndProject
Project("{FAE04EC0-301F-11D3-BF4B-00C04F79EFBC}") = "WasmDtimu", "WasmDtimu\WasmDtimu.csproj", "{F8673DB4-8ACB-0DBA-E145-6472DCACC62D}"
EndProject
Project("{2150E333-8FDC-42A3-9474-1A3956D46DE8}") = "MauiDtimu", "MauiDtimu", "{00F7FD84-F98C-40E3-A9BD-C5BC5EFCDEBB}"
EndProject
Project("{FAE04EC0-301F-11D3-BF4B-00C04F79EFBC}") = "MauiDtimu", "MauiDtimu\MauiDtimu.csproj", "{39E1B5B8-3361-42B8-92EC-DC50E7C8FC24}"
EndProject
Project("{FAE04EC0-301F-11D3-BF4B-00C04F79EFBC}") = "Dtimu.AvaPlayer", "Dtimu.AvaPlayer\Dtimu.AvaPlayer.csproj", "{F69EBEA2-287D-D59B-D53A-576B3E71B23D}"
EndProject
Project("{FAE04EC0-301F-11D3-BF4B-00C04F79EFBC}") = "Dtimu.AvaPlayer.Android", "Dtimu.AvaPlayer.Android\Dtimu.AvaPlayer.Android.csproj", "{11CDB6A7-54CF-4964-A0CF-A8F9B66886A6}"
EndProject
Project("{FAE04EC0-301F-11D3-BF4B-00C04F79EFBC}") = "Dtimu.AvaPlayer.Browser", "Dtimu.AvaPlayer.Browser\Dtimu.AvaPlayer.Browser.csproj", "{C4B1E745-DA8B-B5D5-FFE7-4F1D7BAC8F40}"
EndProject
Project("{FAE04EC0-301F-11D3-BF4B-00C04F79EFBC}") = "Dtimu.AvaPlayer.Desktop", "Dtimu.AvaPlayer.Desktop\Dtimu.AvaPlayer.Desktop.csproj", "{147E1DEA-8B55-4094-01B7-0E897A0FF107}"
EndProject
Project("{FAE04EC0-301F-11D3-BF4B-00C04F79EFBC}") = "Dtimu.AvaPlayer.iOS", "Dtimu.AvaPlayer.iOS\Dtimu.AvaPlayer.iOS.csproj", "{A9CCF793-4069-0E34-1851-26CD6D59D08A}"
EndProject
Project("{FAE04EC0-301F-11D3-BF4B-00C04F79EFBC}") = "WDDtimu", "WDDtimu\WDDtimu.csproj", "{887A540F-A68D-4EB4-9D72-207DDDC90D42}"
EndProject
Project("{2150E333-8FDC-42A3-9474-1A3956D46DE8}") = "WPFDtimu", "WPFDtimu", "{962B00FB-86F0-480F-9C0A-166CD5047E5F}"
EndProject
Project("{2150E333-8FDC-42A3-9474-1A3956D46DE8}") = "DiscGen", "DiscGen", "{CC89C3F1-309F-46CE-9BDC-2E1AF9D0162E}"
EndProject
Global
	GlobalSection(SolutionConfigurationPlatforms) = preSolution
		Debug|Any CPU = Debug|Any CPU
		Debug|x64 = Debug|x64
		Debug|x86 = Debug|x86
		Release|Any CPU = Release|Any CPU
		Release|x64 = Release|x64
		Release|x86 = Release|x86
	EndGlobalSection
	GlobalSection(ProjectConfigurationPlatforms) = postSolution
		{D6A79FD9-8D2F-4DAF-ACA2-6B4098C259CF}.Debug|Any CPU.ActiveCfg = Debug|Any CPU
		{D6A79FD9-8D2F-4DAF-ACA2-6B4098C259CF}.Debug|Any CPU.Build.0 = Debug|Any CPU
		{D6A79FD9-8D2F-4DAF-ACA2-6B4098C259CF}.Debug|x64.ActiveCfg = Debug|Any CPU
		{D6A79FD9-8D2F-4DAF-ACA2-6B4098C259CF}.Debug|x64.Build.0 = Debug|Any CPU
		{D6A79FD9-8D2F-4DAF-ACA2-6B4098C259CF}.Debug|x86.ActiveCfg = Debug|Any CPU
		{D6A79FD9-8D2F-4DAF-ACA2-6B4098C259CF}.Debug|x86.Build.0 = Debug|Any CPU
		{D6A79FD9-8D2F-4DAF-ACA2-6B4098C259CF}.Release|Any CPU.ActiveCfg = Release|Any CPU
		{D6A79FD9-8D2F-4DAF-ACA2-6B4098C259CF}.Release|Any CPU.Build.0 = Release|Any CPU
		{D6A79FD9-8D2F-4DAF-ACA2-6B4098C259CF}.Release|x64.ActiveCfg = Release|Any CPU
		{D6A79FD9-8D2F-4DAF-ACA2-6B4098C259CF}.Release|x64.Build.0 = Release|Any CPU
		{D6A79FD9-8D2F-4DAF-ACA2-6B4098C259CF}.Release|x86.ActiveCfg = Release|Any CPU
		{D6A79FD9-8D2F-4DAF-ACA2-6B4098C259CF}.Release|x86.Build.0 = Release|Any CPU
		{3A201300-FF87-420C-8EAB-9251C45636CA}.Debug|Any CPU.ActiveCfg = Debug|Any CPU
		{3A201300-FF87-420C-8EAB-9251C45636CA}.Debug|Any CPU.Build.0 = Debug|Any CPU
		{3A201300-FF87-420C-8EAB-9251C45636CA}.Debug|x64.ActiveCfg = Debug|Any CPU
		{3A201300-FF87-420C-8EAB-9251C45636CA}.Debug|x64.Build.0 = Debug|Any CPU
		{3A201300-FF87-420C-8EAB-9251C45636CA}.Debug|x86.ActiveCfg = Debug|Any CPU
		{3A201300-FF87-420C-8EAB-9251C45636CA}.Debug|x86.Build.0 = Debug|Any CPU
		{3A201300-FF87-420C-8EAB-9251C45636CA}.Release|Any CPU.ActiveCfg = Release|Any CPU
		{3A201300-FF87-420C-8EAB-9251C45636CA}.Release|Any CPU.Build.0 = Release|Any CPU
		{3A201300-FF87-420C-8EAB-9251C45636CA}.Release|x64.ActiveCfg = Release|Any CPU
		{3A201300-FF87-420C-8EAB-9251C45636CA}.Release|x64.Build.0 = Release|Any CPU
		{3A201300-FF87-420C-8EAB-9251C45636CA}.Release|x86.ActiveCfg = Release|Any CPU
		{3A201300-FF87-420C-8EAB-9251C45636CA}.Release|x86.Build.0 = Release|Any CPU
		{80EFC68C-A1CF-453F-8B52-2B158DD9860F}.Debug|Any CPU.ActiveCfg = Debug|Any CPU
		{80EFC68C-A1CF-453F-8B52-2B158DD9860F}.Debug|Any CPU.Build.0 = Debug|Any CPU
		{80EFC68C-A1CF-453F-8B52-2B158DD9860F}.Debug|x64.ActiveCfg = Debug|Any CPU
		{80EFC68C-A1CF-453F-8B52-2B158DD9860F}.Debug|x64.Build.0 = Debug|Any CPU
		{80EFC68C-A1CF-453F-8B52-2B158DD9860F}.Debug|x86.ActiveCfg = Debug|Any CPU
		{80EFC68C-A1CF-453F-8B52-2B158DD9860F}.Debug|x86.Build.0 = Debug|Any CPU
		{80EFC68C-A1CF-453F-8B52-2B158DD9860F}.Release|Any CPU.ActiveCfg = Release|Any CPU
		{80EFC68C-A1CF-453F-8B52-2B158DD9860F}.Release|Any CPU.Build.0 = Release|Any CPU
		{80EFC68C-A1CF-453F-8B52-2B158DD9860F}.Release|x64.ActiveCfg = Release|Any CPU
		{80EFC68C-A1CF-453F-8B52-2B158DD9860F}.Release|x64.Build.0 = Release|Any CPU
		{80EFC68C-A1CF-453F-8B52-2B158DD9860F}.Release|x86.ActiveCfg = Release|Any CPU
		{80EFC68C-A1CF-453F-8B52-2B158DD9860F}.Release|x86.Build.0 = Release|Any CPU
		{CC8FC88D-F5C6-46BD-940D-8393F50DE258}.Debug|Any CPU.ActiveCfg = Debug|Any CPU
		{CC8FC88D-F5C6-46BD-940D-8393F50DE258}.Debug|Any CPU.Build.0 = Debug|Any CPU
		{CC8FC88D-F5C6-46BD-940D-8393F50DE258}.Debug|x64.ActiveCfg = Debug|Any CPU
		{CC8FC88D-F5C6-46BD-940D-8393F50DE258}.Debug|x64.Build.0 = Debug|Any CPU
		{CC8FC88D-F5C6-46BD-940D-8393F50DE258}.Debug|x86.ActiveCfg = Debug|Any CPU
		{CC8FC88D-F5C6-46BD-940D-8393F50DE258}.Debug|x86.Build.0 = Debug|Any CPU
		{CC8FC88D-F5C6-46BD-940D-8393F50DE258}.Release|Any CPU.ActiveCfg = Release|Any CPU
		{CC8FC88D-F5C6-46BD-940D-8393F50DE258}.Release|Any CPU.Build.0 = Release|Any CPU
		{CC8FC88D-F5C6-46BD-940D-8393F50DE258}.Release|x64.ActiveCfg = Release|Any CPU
		{CC8FC88D-F5C6-46BD-940D-8393F50DE258}.Release|x64.Build.0 = Release|Any CPU
		{CC8FC88D-F5C6-46BD-940D-8393F50DE258}.Release|x86.ActiveCfg = Release|Any CPU
		{CC8FC88D-F5C6-46BD-940D-8393F50DE258}.Release|x86.Build.0 = Release|Any CPU
		{20B64467-840E-4EB1-8C84-EAAF239576FD}.Debug|Any CPU.ActiveCfg = Debug|Any CPU
		{20B64467-840E-4EB1-8C84-EAAF239576FD}.Debug|Any CPU.Build.0 = Debug|Any CPU
		{20B64467-840E-4EB1-8C84-EAAF239576FD}.Debug|x64.ActiveCfg = Debug|Any CPU
		{20B64467-840E-4EB1-8C84-EAAF239576FD}.Debug|x64.Build.0 = Debug|Any CPU
		{20B64467-840E-4EB1-8C84-EAAF239576FD}.Debug|x86.ActiveCfg = Debug|Any CPU
		{20B64467-840E-4EB1-8C84-EAAF239576FD}.Debug|x86.Build.0 = Debug|Any CPU
		{20B64467-840E-4EB1-8C84-EAAF239576FD}.Release|Any CPU.ActiveCfg = Release|Any CPU
		{20B64467-840E-4EB1-8C84-EAAF239576FD}.Release|Any CPU.Build.0 = Release|Any CPU
		{20B64467-840E-4EB1-8C84-EAAF239576FD}.Release|x64.ActiveCfg = Release|Any CPU
		{20B64467-840E-4EB1-8C84-EAAF239576FD}.Release|x64.Build.0 = Release|Any CPU
		{20B64467-840E-4EB1-8C84-EAAF239576FD}.Release|x86.ActiveCfg = Release|Any CPU
		{20B64467-840E-4EB1-8C84-EAAF239576FD}.Release|x86.Build.0 = Release|Any CPU
		{E392F567-4A96-45F7-A47E-2DC7840AE1C0}.Debug|Any CPU.ActiveCfg = Debug|Any CPU
		{E392F567-4A96-45F7-A47E-2DC7840AE1C0}.Debug|Any CPU.Build.0 = Debug|Any CPU
		{E392F567-4A96-45F7-A47E-2DC7840AE1C0}.Debug|x64.ActiveCfg = Debug|Any CPU
		{E392F567-4A96-45F7-A47E-2DC7840AE1C0}.Debug|x64.Build.0 = Debug|Any CPU
		{E392F567-4A96-45F7-A47E-2DC7840AE1C0}.Debug|x86.ActiveCfg = Debug|Any CPU
		{E392F567-4A96-45F7-A47E-2DC7840AE1C0}.Debug|x86.Build.0 = Debug|Any CPU
		{E392F567-4A96-45F7-A47E-2DC7840AE1C0}.Release|Any CPU.ActiveCfg = Release|Any CPU
		{E392F567-4A96-45F7-A47E-2DC7840AE1C0}.Release|Any CPU.Build.0 = Release|Any CPU
		{E392F567-4A96-45F7-A47E-2DC7840AE1C0}.Release|x64.ActiveCfg = Release|Any CPU
		{E392F567-4A96-45F7-A47E-2DC7840AE1C0}.Release|x64.Build.0 = Release|Any CPU
		{E392F567-4A96-45F7-A47E-2DC7840AE1C0}.Release|x86.ActiveCfg = Release|Any CPU
		{E392F567-4A96-45F7-A47E-2DC7840AE1C0}.Release|x86.Build.0 = Release|Any CPU
		{226270B1-5D9B-48C7-B1D2-7E21BC0C0D3A}.Debug|Any CPU.ActiveCfg = Debug|Any CPU
		{226270B1-5D9B-48C7-B1D2-7E21BC0C0D3A}.Debug|Any CPU.Build.0 = Debug|Any CPU
		{226270B1-5D9B-48C7-B1D2-7E21BC0C0D3A}.Debug|x64.ActiveCfg = Debug|Any CPU
		{226270B1-5D9B-48C7-B1D2-7E21BC0C0D3A}.Debug|x64.Build.0 = Debug|Any CPU
		{226270B1-5D9B-48C7-B1D2-7E21BC0C0D3A}.Debug|x86.ActiveCfg = Debug|Any CPU
		{226270B1-5D9B-48C7-B1D2-7E21BC0C0D3A}.Debug|x86.Build.0 = Debug|Any CPU
		{226270B1-5D9B-48C7-B1D2-7E21BC0C0D3A}.Release|Any CPU.ActiveCfg = Release|Any CPU
		{226270B1-5D9B-48C7-B1D2-7E21BC0C0D3A}.Release|Any CPU.Build.0 = Release|Any CPU
		{226270B1-5D9B-48C7-B1D2-7E21BC0C0D3A}.Release|x64.ActiveCfg = Release|Any CPU
		{226270B1-5D9B-48C7-B1D2-7E21BC0C0D3A}.Release|x64.Build.0 = Release|Any CPU
		{226270B1-5D9B-48C7-B1D2-7E21BC0C0D3A}.Release|x86.ActiveCfg = Release|Any CPU
		{226270B1-5D9B-48C7-B1D2-7E21BC0C0D3A}.Release|x86.Build.0 = Release|Any CPU
		{3B6D4535-B56F-4DB2-A86C-9D5182C87C79}.Debug|Any CPU.ActiveCfg = Debug|Any CPU
		{3B6D4535-B56F-4DB2-A86C-9D5182C87C79}.Debug|Any CPU.Build.0 = Debug|Any CPU
		{3B6D4535-B56F-4DB2-A86C-9D5182C87C79}.Debug|x64.ActiveCfg = Debug|Any CPU
		{3B6D4535-B56F-4DB2-A86C-9D5182C87C79}.Debug|x64.Build.0 = Debug|Any CPU
		{3B6D4535-B56F-4DB2-A86C-9D5182C87C79}.Debug|x86.ActiveCfg = Debug|Any CPU
		{3B6D4535-B56F-4DB2-A86C-9D5182C87C79}.Debug|x86.Build.0 = Debug|Any CPU
		{3B6D4535-B56F-4DB2-A86C-9D5182C87C79}.Release|Any CPU.ActiveCfg = Release|Any CPU
		{3B6D4535-B56F-4DB2-A86C-9D5182C87C79}.Release|Any CPU.Build.0 = Release|Any CPU
		{3B6D4535-B56F-4DB2-A86C-9D5182C87C79}.Release|x64.ActiveCfg = Release|Any CPU
		{3B6D4535-B56F-4DB2-A86C-9D5182C87C79}.Release|x64.Build.0 = Release|Any CPU
		{3B6D4535-B56F-4DB2-A86C-9D5182C87C79}.Release|x86.ActiveCfg = Release|Any CPU
		{3B6D4535-B56F-4DB2-A86C-9D5182C87C79}.Release|x86.Build.0 = Release|Any CPU
		{BD8D6B72-2E14-40C6-9070-11D3CC02FEC9}.Debug|Any CPU.ActiveCfg = Debug|Any CPU
		{BD8D6B72-2E14-40C6-9070-11D3CC02FEC9}.Debug|Any CPU.Build.0 = Debug|Any CPU
		{BD8D6B72-2E14-40C6-9070-11D3CC02FEC9}.Debug|x64.ActiveCfg = Debug|Any CPU
		{BD8D6B72-2E14-40C6-9070-11D3CC02FEC9}.Debug|x64.Build.0 = Debug|Any CPU
		{BD8D6B72-2E14-40C6-9070-11D3CC02FEC9}.Debug|x86.ActiveCfg = Debug|Any CPU
		{BD8D6B72-2E14-40C6-9070-11D3CC02FEC9}.Debug|x86.Build.0 = Debug|Any CPU
		{BD8D6B72-2E14-40C6-9070-11D3CC02FEC9}.Release|Any CPU.ActiveCfg = Release|Any CPU
		{BD8D6B72-2E14-40C6-9070-11D3CC02FEC9}.Release|Any CPU.Build.0 = Release|Any CPU
		{BD8D6B72-2E14-40C6-9070-11D3CC02FEC9}.Release|x64.ActiveCfg = Release|Any CPU
		{BD8D6B72-2E14-40C6-9070-11D3CC02FEC9}.Release|x64.Build.0 = Release|Any CPU
		{BD8D6B72-2E14-40C6-9070-11D3CC02FEC9}.Release|x86.ActiveCfg = Release|Any CPU
		{BD8D6B72-2E14-40C6-9070-11D3CC02FEC9}.Release|x86.Build.0 = Release|Any CPU
		{12EDCEA9-C90A-67FD-F050-CC18981A2451}.Debug|Any CPU.ActiveCfg = Debug|Any CPU
		{12EDCEA9-C90A-67FD-F050-CC18981A2451}.Debug|Any CPU.Build.0 = Debug|Any CPU
		{12EDCEA9-C90A-67FD-F050-CC18981A2451}.Debug|x64.ActiveCfg = Debug|Any CPU
		{12EDCEA9-C90A-67FD-F050-CC18981A2451}.Debug|x64.Build.0 = Debug|Any CPU
		{12EDCEA9-C90A-67FD-F050-CC18981A2451}.Debug|x86.ActiveCfg = Debug|Any CPU
		{12EDCEA9-C90A-67FD-F050-CC18981A2451}.Debug|x86.Build.0 = Debug|Any CPU
		{12EDCEA9-C90A-67FD-F050-CC18981A2451}.Release|Any CPU.ActiveCfg = Release|Any CPU
		{12EDCEA9-C90A-67FD-F050-CC18981A2451}.Release|Any CPU.Build.0 = Release|Any CPU
		{12EDCEA9-C90A-67FD-F050-CC18981A2451}.Release|x64.ActiveCfg = Release|Any CPU
		{12EDCEA9-C90A-67FD-F050-CC18981A2451}.Release|x64.Build.0 = Release|Any CPU
		{12EDCEA9-C90A-67FD-F050-CC18981A2451}.Release|x86.ActiveCfg = Release|Any CPU
		{12EDCEA9-C90A-67FD-F050-CC18981A2451}.Release|x86.Build.0 = Release|Any CPU
		{2BDAC71E-F9C9-BB5A-253F-E66B6EAE4808}.Debug|Any CPU.ActiveCfg = Debug|Any CPU
		{2BDAC71E-F9C9-BB5A-253F-E66B6EAE4808}.Debug|Any CPU.Build.0 = Debug|Any CPU
		{2BDAC71E-F9C9-BB5A-253F-E66B6EAE4808}.Debug|x64.ActiveCfg = Debug|Any CPU
		{2BDAC71E-F9C9-BB5A-253F-E66B6EAE4808}.Debug|x64.Build.0 = Debug|Any CPU
		{2BDAC71E-F9C9-BB5A-253F-E66B6EAE4808}.Debug|x86.ActiveCfg = Debug|Any CPU
		{2BDAC71E-F9C9-BB5A-253F-E66B6EAE4808}.Debug|x86.Build.0 = Debug|Any CPU
		{2BDAC71E-F9C9-BB5A-253F-E66B6EAE4808}.Release|Any CPU.ActiveCfg = Release|Any CPU
		{2BDAC71E-F9C9-BB5A-253F-E66B6EAE4808}.Release|Any CPU.Build.0 = Release|Any CPU
		{2BDAC71E-F9C9-BB5A-253F-E66B6EAE4808}.Release|x64.ActiveCfg = Release|Any CPU
		{2BDAC71E-F9C9-BB5A-253F-E66B6EAE4808}.Release|x64.Build.0 = Release|Any CPU
		{2BDAC71E-F9C9-BB5A-253F-E66B6EAE4808}.Release|x86.ActiveCfg = Release|Any CPU
		{2BDAC71E-F9C9-BB5A-253F-E66B6EAE4808}.Release|x86.Build.0 = Release|Any CPU
		{1BFD13DC-4FFA-4651-83CD-745F16E9DE3F}.Debug|Any CPU.ActiveCfg = Debug|Any CPU
		{1BFD13DC-4FFA-4651-83CD-745F16E9DE3F}.Debug|Any CPU.Build.0 = Debug|Any CPU
		{1BFD13DC-4FFA-4651-83CD-745F16E9DE3F}.Debug|x64.ActiveCfg = Debug|Any CPU
		{1BFD13DC-4FFA-4651-83CD-745F16E9DE3F}.Debug|x64.Build.0 = Debug|Any CPU
		{1BFD13DC-4FFA-4651-83CD-745F16E9DE3F}.Debug|x86.ActiveCfg = Debug|Any CPU
		{1BFD13DC-4FFA-4651-83CD-745F16E9DE3F}.Debug|x86.Build.0 = Debug|Any CPU
		{1BFD13DC-4FFA-4651-83CD-745F16E9DE3F}.Release|Any CPU.ActiveCfg = Release|Any CPU
		{1BFD13DC-4FFA-4651-83CD-745F16E9DE3F}.Release|Any CPU.Build.0 = Release|Any CPU
		{1BFD13DC-4FFA-4651-83CD-745F16E9DE3F}.Release|x64.ActiveCfg = Release|Any CPU
		{1BFD13DC-4FFA-4651-83CD-745F16E9DE3F}.Release|x64.Build.0 = Release|Any CPU
		{1BFD13DC-4FFA-4651-83CD-745F16E9DE3F}.Release|x86.ActiveCfg = Release|Any CPU
		{1BFD13DC-4FFA-4651-83CD-745F16E9DE3F}.Release|x86.Build.0 = Release|Any CPU
		{5D101D6D-DC6C-441C-B876-1BCB0009A776}.Debug|Any CPU.ActiveCfg = Debug|Any CPU
		{5D101D6D-DC6C-441C-B876-1BCB0009A776}.Debug|Any CPU.Build.0 = Debug|Any CPU
		{5D101D6D-DC6C-441C-B876-1BCB0009A776}.Debug|x64.ActiveCfg = Debug|Any CPU
		{5D101D6D-DC6C-441C-B876-1BCB0009A776}.Debug|x64.Build.0 = Debug|Any CPU
		{5D101D6D-DC6C-441C-B876-1BCB0009A776}.Debug|x86.ActiveCfg = Debug|Any CPU
		{5D101D6D-DC6C-441C-B876-1BCB0009A776}.Debug|x86.Build.0 = Debug|Any CPU
		{5D101D6D-DC6C-441C-B876-1BCB0009A776}.Release|Any CPU.ActiveCfg = Release|Any CPU
		{5D101D6D-DC6C-441C-B876-1BCB0009A776}.Release|Any CPU.Build.0 = Release|Any CPU
		{5D101D6D-DC6C-441C-B876-1BCB0009A776}.Release|x64.ActiveCfg = Release|Any CPU
		{5D101D6D-DC6C-441C-B876-1BCB0009A776}.Release|x64.Build.0 = Release|Any CPU
		{5D101D6D-DC6C-441C-B876-1BCB0009A776}.Release|x86.ActiveCfg = Release|Any CPU
		{5D101D6D-DC6C-441C-B876-1BCB0009A776}.Release|x86.Build.0 = Release|Any CPU
		{F8673DB4-8ACB-0DBA-E145-6472DCACC62D}.Debug|Any CPU.ActiveCfg = Debug|Any CPU
		{F8673DB4-8ACB-0DBA-E145-6472DCACC62D}.Debug|Any CPU.Build.0 = Debug|Any CPU
		{F8673DB4-8ACB-0DBA-E145-6472DCACC62D}.Debug|x64.ActiveCfg = Debug|Any CPU
		{F8673DB4-8ACB-0DBA-E145-6472DCACC62D}.Debug|x64.Build.0 = Debug|Any CPU
		{F8673DB4-8ACB-0DBA-E145-6472DCACC62D}.Debug|x86.ActiveCfg = Debug|Any CPU
		{F8673DB4-8ACB-0DBA-E145-6472DCACC62D}.Debug|x86.Build.0 = Debug|Any CPU
		{F8673DB4-8ACB-0DBA-E145-6472DCACC62D}.Release|Any CPU.ActiveCfg = Release|Any CPU
		{F8673DB4-8ACB-0DBA-E145-6472DCACC62D}.Release|Any CPU.Build.0 = Release|Any CPU
		{F8673DB4-8ACB-0DBA-E145-6472DCACC62D}.Release|x64.ActiveCfg = Release|Any CPU
		{F8673DB4-8ACB-0DBA-E145-6472DCACC62D}.Release|x64.Build.0 = Release|Any CPU
		{F8673DB4-8ACB-0DBA-E145-6472DCACC62D}.Release|x86.ActiveCfg = Release|Any CPU
		{F8673DB4-8ACB-0DBA-E145-6472DCACC62D}.Release|x86.Build.0 = Release|Any CPU
		{39E1B5B8-3361-42B8-92EC-DC50E7C8FC24}.Debug|Any CPU.ActiveCfg = Debug|Any CPU
		{39E1B5B8-3361-42B8-92EC-DC50E7C8FC24}.Debug|Any CPU.Build.0 = Debug|Any CPU
		{39E1B5B8-3361-42B8-92EC-DC50E7C8FC24}.Debug|x64.ActiveCfg = Debug|Any CPU
		{39E1B5B8-3361-42B8-92EC-DC50E7C8FC24}.Debug|x64.Build.0 = Debug|Any CPU
		{39E1B5B8-3361-42B8-92EC-DC50E7C8FC24}.Debug|x64.Deploy.0 = Debug|Any CPU
		{39E1B5B8-3361-42B8-92EC-DC50E7C8FC24}.Debug|x86.ActiveCfg = Debug|Any CPU
		{39E1B5B8-3361-42B8-92EC-DC50E7C8FC24}.Debug|x86.Build.0 = Debug|Any CPU
		{39E1B5B8-3361-42B8-92EC-DC50E7C8FC24}.Release|Any CPU.ActiveCfg = Release|Any CPU
		{39E1B5B8-3361-42B8-92EC-DC50E7C8FC24}.Release|Any CPU.Build.0 = Release|Any CPU
		{39E1B5B8-3361-42B8-92EC-DC50E7C8FC24}.Release|x64.ActiveCfg = Release|Any CPU
		{39E1B5B8-3361-42B8-92EC-DC50E7C8FC24}.Release|x64.Build.0 = Release|Any CPU
		{39E1B5B8-3361-42B8-92EC-DC50E7C8FC24}.Release|x86.ActiveCfg = Release|Any CPU
		{39E1B5B8-3361-42B8-92EC-DC50E7C8FC24}.Release|x86.Build.0 = Release|Any CPU
		{F69EBEA2-287D-D59B-D53A-576B3E71B23D}.Debug|Any CPU.ActiveCfg = Debug|Any CPU
		{F69EBEA2-287D-D59B-D53A-576B3E71B23D}.Debug|Any CPU.Build.0 = Debug|Any CPU
		{F69EBEA2-287D-D59B-D53A-576B3E71B23D}.Debug|x64.ActiveCfg = Debug|Any CPU
		{F69EBEA2-287D-D59B-D53A-576B3E71B23D}.Debug|x64.Build.0 = Debug|Any CPU
		{F69EBEA2-287D-D59B-D53A-576B3E71B23D}.Debug|x86.ActiveCfg = Debug|Any CPU
		{F69EBEA2-287D-D59B-D53A-576B3E71B23D}.Debug|x86.Build.0 = Debug|Any CPU
		{F69EBEA2-287D-D59B-D53A-576B3E71B23D}.Release|Any CPU.ActiveCfg = Release|Any CPU
		{F69EBEA2-287D-D59B-D53A-576B3E71B23D}.Release|Any CPU.Build.0 = Release|Any CPU
		{F69EBEA2-287D-D59B-D53A-576B3E71B23D}.Release|x64.ActiveCfg = Release|Any CPU
		{F69EBEA2-287D-D59B-D53A-576B3E71B23D}.Release|x64.Build.0 = Release|Any CPU
		{F69EBEA2-287D-D59B-D53A-576B3E71B23D}.Release|x86.ActiveCfg = Release|Any CPU
		{F69EBEA2-287D-D59B-D53A-576B3E71B23D}.Release|x86.Build.0 = Release|Any CPU
		{11CDB6A7-54CF-4964-A0CF-A8F9B66886A6}.Debug|Any CPU.ActiveCfg = Debug|Any CPU
		{11CDB6A7-54CF-4964-A0CF-A8F9B66886A6}.Debug|Any CPU.Build.0 = Debug|Any CPU
		{11CDB6A7-54CF-4964-A0CF-A8F9B66886A6}.Debug|Any CPU.Deploy.0 = Debug|Any CPU
		{11CDB6A7-54CF-4964-A0CF-A8F9B66886A6}.Debug|x64.ActiveCfg = Debug|Any CPU
		{11CDB6A7-54CF-4964-A0CF-A8F9B66886A6}.Debug|x64.Build.0 = Debug|Any CPU
		{11CDB6A7-54CF-4964-A0CF-A8F9B66886A6}.Debug|x64.Deploy.0 = Debug|Any CPU
		{11CDB6A7-54CF-4964-A0CF-A8F9B66886A6}.Debug|x86.ActiveCfg = Debug|Any CPU
		{11CDB6A7-54CF-4964-A0CF-A8F9B66886A6}.Debug|x86.Build.0 = Debug|Any CPU
		{11CDB6A7-54CF-4964-A0CF-A8F9B66886A6}.Debug|x86.Deploy.0 = Debug|Any CPU
		{11CDB6A7-54CF-4964-A0CF-A8F9B66886A6}.Release|Any CPU.ActiveCfg = Release|Any CPU
		{11CDB6A7-54CF-4964-A0CF-A8F9B66886A6}.Release|Any CPU.Build.0 = Release|Any CPU
		{11CDB6A7-54CF-4964-A0CF-A8F9B66886A6}.Release|Any CPU.Deploy.0 = Release|Any CPU
		{11CDB6A7-54CF-4964-A0CF-A8F9B66886A6}.Release|x64.ActiveCfg = Release|Any CPU
		{11CDB6A7-54CF-4964-A0CF-A8F9B66886A6}.Release|x64.Build.0 = Release|Any CPU
		{11CDB6A7-54CF-4964-A0CF-A8F9B66886A6}.Release|x64.Deploy.0 = Release|Any CPU
		{11CDB6A7-54CF-4964-A0CF-A8F9B66886A6}.Release|x86.ActiveCfg = Release|Any CPU
		{11CDB6A7-54CF-4964-A0CF-A8F9B66886A6}.Release|x86.Build.0 = Release|Any CPU
		{11CDB6A7-54CF-4964-A0CF-A8F9B66886A6}.Release|x86.Deploy.0 = Release|Any CPU
		{C4B1E745-DA8B-B5D5-FFE7-4F1D7BAC8F40}.Debug|Any CPU.ActiveCfg = Debug|Any CPU
		{C4B1E745-DA8B-B5D5-FFE7-4F1D7BAC8F40}.Debug|Any CPU.Build.0 = Debug|Any CPU
		{C4B1E745-DA8B-B5D5-FFE7-4F1D7BAC8F40}.Debug|x64.ActiveCfg = Debug|Any CPU
		{C4B1E745-DA8B-B5D5-FFE7-4F1D7BAC8F40}.Debug|x64.Build.0 = Debug|Any CPU
		{C4B1E745-DA8B-B5D5-FFE7-4F1D7BAC8F40}.Debug|x86.ActiveCfg = Debug|Any CPU
		{C4B1E745-DA8B-B5D5-FFE7-4F1D7BAC8F40}.Debug|x86.Build.0 = Debug|Any CPU
		{C4B1E745-DA8B-B5D5-FFE7-4F1D7BAC8F40}.Release|Any CPU.ActiveCfg = Release|Any CPU
		{C4B1E745-DA8B-B5D5-FFE7-4F1D7BAC8F40}.Release|Any CPU.Build.0 = Release|Any CPU
		{C4B1E745-DA8B-B5D5-FFE7-4F1D7BAC8F40}.Release|x64.ActiveCfg = Release|Any CPU
		{C4B1E745-DA8B-B5D5-FFE7-4F1D7BAC8F40}.Release|x64.Build.0 = Release|Any CPU
		{C4B1E745-DA8B-B5D5-FFE7-4F1D7BAC8F40}.Release|x86.ActiveCfg = Release|Any CPU
		{C4B1E745-DA8B-B5D5-FFE7-4F1D7BAC8F40}.Release|x86.Build.0 = Release|Any CPU
		{147E1DEA-8B55-4094-01B7-0E897A0FF107}.Debug|Any CPU.ActiveCfg = Debug|Any CPU
		{147E1DEA-8B55-4094-01B7-0E897A0FF107}.Debug|Any CPU.Build.0 = Debug|Any CPU
		{147E1DEA-8B55-4094-01B7-0E897A0FF107}.Debug|x64.ActiveCfg = Debug|Any CPU
		{147E1DEA-8B55-4094-01B7-0E897A0FF107}.Debug|x64.Build.0 = Debug|Any CPU
		{147E1DEA-8B55-4094-01B7-0E897A0FF107}.Debug|x86.ActiveCfg = Debug|Any CPU
		{147E1DEA-8B55-4094-01B7-0E897A0FF107}.Debug|x86.Build.0 = Debug|Any CPU
		{147E1DEA-8B55-4094-01B7-0E897A0FF107}.Release|Any CPU.ActiveCfg = Release|Any CPU
		{147E1DEA-8B55-4094-01B7-0E897A0FF107}.Release|Any CPU.Build.0 = Release|Any CPU
		{147E1DEA-8B55-4094-01B7-0E897A0FF107}.Release|x64.ActiveCfg = Release|Any CPU
		{147E1DEA-8B55-4094-01B7-0E897A0FF107}.Release|x64.Build.0 = Release|Any CPU
		{147E1DEA-8B55-4094-01B7-0E897A0FF107}.Release|x86.ActiveCfg = Release|Any CPU
		{147E1DEA-8B55-4094-01B7-0E897A0FF107}.Release|x86.Build.0 = Release|Any CPU
		{A9CCF793-4069-0E34-1851-26CD6D59D08A}.Debug|Any CPU.ActiveCfg = Debug|Any CPU
		{A9CCF793-4069-0E34-1851-26CD6D59D08A}.Debug|Any CPU.Build.0 = Debug|Any CPU
		{A9CCF793-4069-0E34-1851-26CD6D59D08A}.Debug|Any CPU.Deploy.0 = Debug|Any CPU
		{A9CCF793-4069-0E34-1851-26CD6D59D08A}.Debug|x64.ActiveCfg = Debug|Any CPU
		{A9CCF793-4069-0E34-1851-26CD6D59D08A}.Debug|x64.Build.0 = Debug|Any CPU
		{A9CCF793-4069-0E34-1851-26CD6D59D08A}.Debug|x64.Deploy.0 = Debug|Any CPU
		{A9CCF793-4069-0E34-1851-26CD6D59D08A}.Debug|x86.ActiveCfg = Debug|Any CPU
		{A9CCF793-4069-0E34-1851-26CD6D59D08A}.Debug|x86.Build.0 = Debug|Any CPU
		{A9CCF793-4069-0E34-1851-26CD6D59D08A}.Debug|x86.Deploy.0 = Debug|Any CPU
		{A9CCF793-4069-0E34-1851-26CD6D59D08A}.Release|Any CPU.ActiveCfg = Release|Any CPU
		{A9CCF793-4069-0E34-1851-26CD6D59D08A}.Release|Any CPU.Build.0 = Release|Any CPU
		{A9CCF793-4069-0E34-1851-26CD6D59D08A}.Release|Any CPU.Deploy.0 = Release|Any CPU
		{A9CCF793-4069-0E34-1851-26CD6D59D08A}.Release|x64.ActiveCfg = Release|Any CPU
		{A9CCF793-4069-0E34-1851-26CD6D59D08A}.Release|x64.Build.0 = Release|Any CPU
		{A9CCF793-4069-0E34-1851-26CD6D59D08A}.Release|x64.Deploy.0 = Release|Any CPU
		{A9CCF793-4069-0E34-1851-26CD6D59D08A}.Release|x86.ActiveCfg = Release|Any CPU
		{A9CCF793-4069-0E34-1851-26CD6D59D08A}.Release|x86.Build.0 = Release|Any CPU
		{A9CCF793-4069-0E34-1851-26CD6D59D08A}.Release|x86.Deploy.0 = Release|Any CPU
		{887A540F-A68D-4EB4-9D72-207DDDC90D42}.Debug|Any CPU.ActiveCfg = Debug|Any CPU
		{887A540F-A68D-4EB4-9D72-207DDDC90D42}.Debug|Any CPU.Build.0 = Debug|Any CPU
		{887A540F-A68D-4EB4-9D72-207DDDC90D42}.Debug|x64.ActiveCfg = Debug|Any CPU
		{887A540F-A68D-4EB4-9D72-207DDDC90D42}.Debug|x64.Build.0 = Debug|Any CPU
		{887A540F-A68D-4EB4-9D72-207DDDC90D42}.Debug|x86.ActiveCfg = Debug|Any CPU
		{887A540F-A68D-4EB4-9D72-207DDDC90D42}.Debug|x86.Build.0 = Debug|Any CPU
		{887A540F-A68D-4EB4-9D72-207DDDC90D42}.Release|Any CPU.ActiveCfg = Release|Any CPU
		{887A540F-A68D-4EB4-9D72-207DDDC90D42}.Release|Any CPU.Build.0 = Release|Any CPU
		{887A540F-A68D-4EB4-9D72-207DDDC90D42}.Release|x64.ActiveCfg = Release|Any CPU
		{887A540F-A68D-4EB4-9D72-207DDDC90D42}.Release|x64.Build.0 = Release|Any CPU
		{887A540F-A68D-4EB4-9D72-207DDDC90D42}.Release|x86.ActiveCfg = Release|Any CPU
		{887A540F-A68D-4EB4-9D72-207DDDC90D42}.Release|x86.Build.0 = Release|Any CPU
	EndGlobalSection
	GlobalSection(SolutionProperties) = preSolution
		HideSolutionNode = FALSE
	EndGlobalSection
	GlobalSection(NestedProjects) = preSolution
		{D6A79FD9-8D2F-4DAF-ACA2-6B4098C259CF} = {962B00FB-86F0-480F-9C0A-166CD5047E5F}
		{CC8FC88D-F5C6-46BD-940D-8393F50DE258} = {CC89C3F1-309F-46CE-9BDC-2E1AF9D0162E}
		{20B64467-840E-4EB1-8C84-EAAF239576FD} = {58028B74-3DDC-4EED-A7AB-AB34338C86A2}
		{E392F567-4A96-45F7-A47E-2DC7840AE1C0} = {58028B74-3DDC-4EED-A7AB-AB34338C86A2}
		{226270B1-5D9B-48C7-B1D2-7E21BC0C0D3A} = {58028B74-3DDC-4EED-A7AB-AB34338C86A2}
		{3B6D4535-B56F-4DB2-A86C-9D5182C87C79} = {962B00FB-86F0-480F-9C0A-166CD5047E5F}
		{BD8D6B72-2E14-40C6-9070-11D3CC02FEC9} = {962B00FB-86F0-480F-9C0A-166CD5047E5F}
		{12EDCEA9-C90A-67FD-F050-CC18981A2451} = {02EA681E-C7D8-13C7-8484-4AC65E1B71E8}
		{2BDAC71E-F9C9-BB5A-253F-E66B6EAE4808} = {02EA681E-C7D8-13C7-8484-4AC65E1B71E8}
		{1BFD13DC-4FFA-4651-83CD-745F16E9DE3F} = {9ED1F442-7A3C-4131-A29D-61B292650088}
		{5D101D6D-DC6C-441C-B876-1BCB0009A776} = {9ED1F442-7A3C-4131-A29D-61B292650088}
		{F8673DB4-8ACB-0DBA-E145-6472DCACC62D} = {9ED1F442-7A3C-4131-A29D-61B292650088}
		{39E1B5B8-3361-42B8-92EC-DC50E7C8FC24} = {00F7FD84-F98C-40E3-A9BD-C5BC5EFCDEBB}
		{F69EBEA2-287D-D59B-D53A-576B3E71B23D} = {02EA681E-C7D8-13C7-8484-4AC65E1B71E8}
		{11CDB6A7-54CF-4964-A0CF-A8F9B66886A6} = {02EA681E-C7D8-13C7-8484-4AC65E1B71E8}
		{C4B1E745-DA8B-B5D5-FFE7-4F1D7BAC8F40} = {02EA681E-C7D8-13C7-8484-4AC65E1B71E8}
		{147E1DEA-8B55-4094-01B7-0E897A0FF107} = {02EA681E-C7D8-13C7-8484-4AC65E1B71E8}
		{A9CCF793-4069-0E34-1851-26CD6D59D08A} = {02EA681E-C7D8-13C7-8484-4AC65E1B71E8}
		{887A540F-A68D-4EB4-9D72-207DDDC90D42} = {9ED1F442-7A3C-4131-A29D-61B292650088}
	EndGlobalSection
	GlobalSection(ExtensibilityGlobals) = postSolution
		SolutionGuid = {7F30C737-8453-4A1C-9D79-D0A663779505}
	EndGlobalSection
	GlobalSection(SharedMSBuildProjectFiles) = preSolution
		SharedDtimu\SharedDtimu.projitems*{5d101d6d-dc6c-441c-b876-1bcb0009a776}*SharedItemsImports = 5
		SharedDtimu\SharedDtimu.projitems*{e399dd93-2228-4921-84f4-54fce2993df0}*SharedItemsImports = 13
	EndGlobalSection
EndGlobal
